// !$*UTF8*$!
{
	archiveVersion = 1;
	classes = {
	};
	objectVersion = 50;
	objects = {

/* Begin PBXBuildFile section */
		F157019720ACC18E00569DFF /* AnimationGroupsViewController.swift in Sources */ = {isa = PBXBuildFile; fileRef = F157019620ACC18E00569DFF /* AnimationGroupsViewController.swift */; };
		F157019920ADFB3F00569DFF /* TransitionVC.swift in Sources */ = {isa = PBXBuildFile; fileRef = F157019820ADFB3F00569DFF /* TransitionVC.swift */; };
		F157019C20ADFC4100569DFF /* imgTwo.jpg in Resources */ = {isa = PBXBuildFile; fileRef = F157019A20ADFC4100569DFF /* imgTwo.jpg */; };
		F157019D20ADFC4100569DFF /* imgOne.jpg in Resources */ = {isa = PBXBuildFile; fileRef = F157019B20ADFC4100569DFF /* imgOne.jpg */; };
		F1C987B820A9F702003EA2DD /* AppDelegate.swift in Sources */ = {isa = PBXBuildFile; fileRef = F1C987B720A9F702003EA2DD /* AppDelegate.swift */; };
		F1C987BA20A9F702003EA2DD /* ViewController.swift in Sources */ = {isa = PBXBuildFile; fileRef = F1C987B920A9F702003EA2DD /* ViewController.swift */; };
		F1C987BD20A9F702003EA2DD /* Main.storyboard in Resources */ = {isa = PBXBuildFile; fileRef = F1C987BB20A9F702003EA2DD /* Main.storyboard */; };
		F1C987BF20A9F705003EA2DD /* Assets.xcassets in Resources */ = {isa = PBXBuildFile; fileRef = F1C987BE20A9F705003EA2DD /* Assets.xcassets */; };
		F1C987C220A9F705003EA2DD /* LaunchScreen.storyboard in Resources */ = {isa = PBXBuildFile; fileRef = F1C987C020A9F705003EA2DD /* LaunchScreen.storyboard */; };
		F1C987CA20AA16CC003EA2DD /* AnimationOfFrameVCViewController.swift in Sources */ = {isa = PBXBuildFile; fileRef = F1C987C920AA16CC003EA2DD /* AnimationOfFrameVCViewController.swift */; };
		F1C987CC20AB2AC2003EA2DD /* ImplicitAnimationsVC.swift in Sources */ = {isa = PBXBuildFile; fileRef = F1C987CB20AB2AC2003EA2DD /* ImplicitAnimationsVC.swift */; };
		F1C987CE20AB316E003EA2DD /* ImplicitViewAnimationVC.swift in Sources */ = {isa = PBXBuildFile; fileRef = F1C987CD20AB316E003EA2DD /* ImplicitViewAnimationVC.swift */; };
		F1C987D020AB31CF003EA2DD /* ImplicitAnimationView.swift in Sources */ = {isa = PBXBuildFile; fileRef = F1C987CF20AB31CF003EA2DD /* ImplicitAnimationView.swift */; };
		F1C987D220AB69E5003EA2DD /* CABasicAnimationVC.swift in Sources */ = {isa = PBXBuildFile; fileRef = F1C987D120AB69E5003EA2DD /* CABasicAnimationVC.swift */; };
		F1C987D420AB7190003EA2DD /* CAKeyframeAnimationVC.swift in Sources */ = {isa = PBXBuildFile; fileRef = F1C987D320AB7190003EA2DD /* CAKeyframeAnimationVC.swift */; };
		F1C987D620AB7601003EA2DD /* CAKeyFrameAnimationPathVC.swift in Sources */ = {isa = PBXBuildFile; fileRef = F1C987D520AB7601003EA2DD /* CAKeyFrameAnimationPathVC.swift */; };
/* End PBXBuildFile section */

/* Begin PBXFileReference section */
		F157019620ACC18E00569DFF /* AnimationGroupsViewController.swift */ = {isa = PBXFileReference; lastKnownFileType = sourcecode.swift; path = AnimationGroupsViewController.swift; sourceTree = "<group>"; };
		F157019820ADFB3F00569DFF /* TransitionVC.swift */ = {isa = PBXFileReference; lastKnownFileType = sourcecode.swift; path = TransitionVC.swift; sourceTree = "<group>"; };
		F157019A20ADFC4100569DFF /* imgTwo.jpg */ = {isa = PBXFileReference; lastKnownFileType = image.jpeg; path = imgTwo.jpg; sourceTree = "<group>"; };
		F157019B20ADFC4100569DFF /* imgOne.jpg */ = {isa = PBXFileReference; lastKnownFileType = image.jpeg; path = imgOne.jpg; sourceTree = "<group>"; };
		F1C987B420A9F702003EA2DD /* AnimationInAFlash.app */ = {isa = PBXFileReference; explicitFileType = wrapper.application; includeInIndex = 0; path = AnimationInAFlash.app; sourceTree = BUILT_PRODUCTS_DIR; };
		F1C987B720A9F702003EA2DD /* AppDelegate.swift */ = {isa = PBXFileReference; lastKnownFileType = sourcecode.swift; path = AppDelegate.swift; sourceTree = "<group>"; };
		F1C987B920A9F702003EA2DD /* ViewController.swift */ = {isa = PBXFileReference; lastKnownFileType = sourcecode.swift; path = ViewController.swift; sourceTree = "<group>"; };
		F1C987BC20A9F702003EA2DD /* Base */ = {isa = PBXFileReference; lastKnownFileType = file.storyboard; name = Base; path = Base.lproj/Main.storyboard; sourceTree = "<group>"; };
		F1C987BE20A9F705003EA2DD /* Assets.xcassets */ = {isa = PBXFileReference; lastKnownFileType = folder.assetcatalog; path = Assets.xcassets; sourceTree = "<group>"; };
		F1C987C120A9F705003EA2DD /* Base */ = {isa = PBXFileReference; lastKnownFileType = file.storyboard; name = Base; path = Base.lproj/LaunchScreen.storyboard; sourceTree = "<group>"; };
		F1C987C320A9F705003EA2DD /* Info.plist */ = {isa = PBXFileReference; lastKnownFileType = text.plist.xml; path = Info.plist; sourceTree = "<group>"; };
		F1C987C920AA16CC003EA2DD /* AnimationOfFrameVCViewController.swift */ = {isa = PBXFileReference; lastKnownFileType = sourcecode.swift; path = AnimationOfFrameVCViewController.swift; sourceTree = "<group>"; };
		F1C987CB20AB2AC2003EA2DD /* ImplicitAnimationsVC.swift */ = {isa = PBXFileReference; lastKnownFileType = sourcecode.swift; path = ImplicitAnimationsVC.swift; sourceTree = "<group>"; };
		F1C987CD20AB316E003EA2DD /* ImplicitViewAnimationVC.swift */ = {isa = PBXFileReference; lastKnownFileType = sourcecode.swift; path = ImplicitViewAnimationVC.swift; sourceTree = "<group>"; };
		F1C987CF20AB31CF003EA2DD /* ImplicitAnimationView.swift */ = {isa = PBXFileReference; lastKnownFileType = sourcecode.swift; path = ImplicitAnimationView.swift; sourceTree = "<group>"; };
		F1C987D120AB69E5003EA2DD /* CABasicAnimationVC.swift */ = {isa = PBXFileReference; lastKnownFileType = sourcecode.swift; path = CABasicAnimationVC.swift; sourceTree = "<group>"; };
		F1C987D320AB7190003EA2DD /* CAKeyframeAnimationVC.swift */ = {isa = PBXFileReference; lastKnownFileType = sourcecode.swift; path = CAKeyframeAnimationVC.swift; sourceTree = "<group>"; };
		F1C987D520AB7601003EA2DD /* CAKeyFrameAnimationPathVC.swift */ = {isa = PBXFileReference; lastKnownFileType = sourcecode.swift; path = CAKeyFrameAnimationPathVC.swift; sourceTree = "<group>"; };
/* End PBXFileReference section */

/* Begin PBXFrameworksBuildPhase section */
		F1C987B120A9F702003EA2DD /* Frameworks */ = {
			isa = PBXFrameworksBuildPhase;
			buildActionMask = 2147483647;
			files = (
			);
			runOnlyForDeploymentPostprocessing = 0;
		};
/* End PBXFrameworksBuildPhase section */

/* Begin PBXGroup section */
		F1C987AB20A9F702003EA2DD = {
			isa = PBXGroup;
			children = (
				F1C987B620A9F702003EA2DD /* AnimationInAFlash */,
				F1C987B520A9F702003EA2DD /* Products */,
			);
			sourceTree = "<group>";
		};
		F1C987B520A9F702003EA2DD /* Products */ = {
			isa = PBXGroup;
			children = (
				F1C987B420A9F702003EA2DD /* AnimationInAFlash.app */,
			);
			name = Products;
			sourceTree = "<group>";
		};
		F1C987B620A9F702003EA2DD /* AnimationInAFlash */ = {
			isa = PBXGroup;
			children = (
				F157019B20ADFC4100569DFF /* imgOne.jpg */,
				F157019A20ADFC4100569DFF /* imgTwo.jpg */,
				F1C987B720A9F702003EA2DD /* AppDelegate.swift */,
				F1C987B920A9F702003EA2DD /* ViewController.swift */,
				F1C987BB20A9F702003EA2DD /* Main.storyboard */,
				F1C987BE20A9F705003EA2DD /* Assets.xcassets */,
				F1C987C020A9F705003EA2DD /* LaunchScreen.storyboard */,
				F1C987C320A9F705003EA2DD /* Info.plist */,
				F1C987C920AA16CC003EA2DD /* AnimationOfFrameVCViewController.swift */,
				F1C987CB20AB2AC2003EA2DD /* ImplicitAnimationsVC.swift */,
				F1C987CD20AB316E003EA2DD /* ImplicitViewAnimationVC.swift */,
				F1C987CF20AB31CF003EA2DD /* ImplicitAnimationView.swift */,
				F1C987D120AB69E5003EA2DD /* CABasicAnimationVC.swift */,
				F1C987D320AB7190003EA2DD /* CAKeyframeAnimationVC.swift */,
				F1C987D520AB7601003EA2DD /* CAKeyFrameAnimationPathVC.swift */,
				F157019620ACC18E00569DFF /* AnimationGroupsViewController.swift */,
				F157019820ADFB3F00569DFF /* TransitionVC.swift */,
			);
			path = AnimationInAFlash;
			sourceTree = "<group>";
		};
/* End PBXGroup section */

/* Begin PBXNativeTarget section */
		F1C987B320A9F702003EA2DD /* AnimationInAFlash */ = {
			isa = PBXNativeTarget;
			buildConfigurationList = F1C987C620A9F705003EA2DD /* Build configuration list for PBXNativeTarget "AnimationInAFlash" */;
			buildPhases = (
				F1C987B020A9F702003EA2DD /* Sources */,
				F1C987B120A9F702003EA2DD /* Frameworks */,
				F1C987B220A9F702003EA2DD /* Resources */,
			);
			buildRules = (
			);
			dependencies = (
			);
			name = AnimationInAFlash;
			productName = AnimationInAFlash;
			productReference = F1C987B420A9F702003EA2DD /* AnimationInAFlash.app */;
			productType = "com.apple.product-type.application";
		};
/* End PBXNativeTarget section */

/* Begin PBXProject section */
		F1C987AC20A9F702003EA2DD /* Project object */ = {
			isa = PBXProject;
			attributes = {
				LastSwiftUpdateCheck = 0930;
				LastUpgradeCheck = 0930;
				ORGANIZATIONNAME = Random;
				TargetAttributes = {
					F1C987B320A9F702003EA2DD = {
						CreatedOnToolsVersion = 9.3;
					};
				};
			};
			buildConfigurationList = F1C987AF20A9F702003EA2DD /* Build configuration list for PBXProject "AnimationInAFlash" */;
			compatibilityVersion = "Xcode 9.3";
			developmentRegion = en;
			hasScannedForEncodings = 0;
			knownRegions = (
				en,
				Base,
			);
			mainGroup = F1C987AB20A9F702003EA2DD;
			productRefGroup = F1C987B520A9F702003EA2DD /* Products */;
			projectDirPath = "";
			projectRoot = "";
			targets = (
				F1C987B320A9F702003EA2DD /* AnimationInAFlash */,
			);
		};
/* End PBXProject section */

/* Begin PBXResourcesBuildPhase section */
		F1C987B220A9F702003EA2DD /* Resources */ = {
			isa = PBXResourcesBuildPhase;
			buildActionMask = 2147483647;
			files = (
				F157019C20ADFC4100569DFF /* imgTwo.jpg in Resources */,
				F157019D20ADFC4100569DFF /* imgOne.jpg in Resources */,
				F1C987C220A9F705003EA2DD /* LaunchScreen.storyboard in Resources */,
				F1C987BF20A9F705003EA2DD /* Assets.xcassets in Resources */,
				F1C987BD20A9F702003EA2DD /* Main.storyboard in Resources */,
			);
			runOnlyForDeploymentPostprocessing = 0;
		};
/* End PBXResourcesBuildPhase section */

/* Begin PBXSourcesBuildPhase section */
		F1C987B020A9F702003EA2DD /* Sources */ = {
			isa = PBXSourcesBuildPhase;
			buildActionMask = 2147483647;
			files = (
				F1C987D020AB31CF003EA2DD /* ImplicitAnimationView.swift in Sources */,
				F1C987CC20AB2AC2003EA2DD /* ImplicitAnimationsVC.swift in Sources */,
				F1C987CE20AB316E003EA2DD /* ImplicitViewAnimationVC.swift in Sources */,
				F1C987BA20A9F702003EA2DD /* ViewController.swift in Sources */,
				F1C987D220AB69E5003EA2DD /* CABasicAnimationVC.swift in Sources */,
				F1C987D620AB7601003EA2DD /* CAKeyFrameAnimationPathVC.swift in Sources */,
				F1C987CA20AA16CC003EA2DD /* AnimationOfFrameVCViewController.swift in Sources */,
				F1C987B820A9F702003EA2DD /* AppDelegate.swift in Sources */,
				F157019920ADFB3F00569DFF /* TransitionVC.swift in Sources */,
				F1C987D420AB7190003EA2DD /* CAKeyframeAnimationVC.swift in Sources */,
				F157019720ACC18E00569DFF /* AnimationGroupsViewController.swift in Sources */,
			);
			runOnlyForDeploymentPostprocessing = 0;
		};
/* End PBXSourcesBuildPhase section */

/* Begin PBXVariantGroup section */
		F1C987BB20A9F702003EA2DD /* Main.storyboard */ = {
			isa = PBXVariantGroup;
			children = (
				F1C987BC20A9F702003EA2DD /* Base */,
			);
			name = Main.storyboard;
			sourceTree = "<group>";
		};
		F1C987C020A9F705003EA2DD /* LaunchScreen.storyboard */ = {
			isa = PBXVariantGroup;
			children = (
				F1C987C120A9F705003EA2DD /* Base */,
			);
			name = LaunchScreen.storyboard;
			sourceTree = "<group>";
		};
/* End PBXVariantGroup section */

/* Begin XCBuildConfiguration section */
		F1C987C420A9F705003EA2DD /* Debug */ = {
			isa = XCBuildConfiguration;
			buildSettings = {
				ALWAYS_SEARCH_USER_PATHS = NO;
				CLANG_ANALYZER_NONNULL = YES;
				CLANG_ANALYZER_NUMBER_OBJECT_CONVERSION = YES_AGGRESSIVE;
				CLANG_CXX_LANGUAGE_STANDARD = "gnu++14";
				CLANG_CXX_LIBRARY = "libc++";
				CLANG_ENABLE_MODULES = YES;
				CLANG_ENABLE_OBJC_ARC = YES;
				CLANG_ENABLE_OBJC_WEAK = YES;
				CLANG_WARN_BLOCK_CAPTURE_AUTORELEASING = YES;
				CLANG_WARN_BOOL_CONVERSION = YES;
				CLANG_WARN_COMMA = YES;
				CLANG_WARN_CONSTANT_CONVERSION = YES;
				CLANG_WARN_DEPRECATED_OBJC_IMPLEMENTATIONS = YES;
				CLANG_WARN_DIRECT_OBJC_ISA_USAGE = YES_ERROR;
				CLANG_WARN_DOCUMENTATION_COMMENTS = YES;
				CLANG_WARN_EMPTY_BODY = YES;
				CLANG_WARN_ENUM_CONVERSION = YES;
				CLANG_WARN_INFINITE_RECURSION = YES;
				CLANG_WARN_INT_CONVERSION = YES;
				CLANG_WARN_NON_LITERAL_NULL_CONVERSION = YES;
				CLANG_WARN_OBJC_IMPLICIT_RETAIN_SELF = YES;
				CLANG_WARN_OBJC_LITERAL_CONVERSION = YES;
				CLANG_WARN_OBJC_ROOT_CLASS = YES_ERROR;
				CLANG_WARN_RANGE_LOOP_ANALYSIS = YES;
				CLANG_WARN_STRICT_PROTOTYPES = YES;
				CLANG_WARN_SUSPICIOUS_MOVE = YES;
				CLANG_WARN_UNGUARDED_AVAILABILITY = YES_AGGRESSIVE;
				CLANG_WARN_UNREACHABLE_CODE = YES;
				CLANG_WARN__DUPLICATE_METHOD_MATCH = YES;
				CODE_SIGN_IDENTITY = "iPhone Developer";
				COPY_PHASE_STRIP = NO;
				DEBUG_INFORMATION_FORMAT = dwarf;
				ENABLE_STRICT_OBJC_MSGSEND = YES;
				ENABLE_TESTABILITY = YES;
				GCC_C_LANGUAGE_STANDARD = gnu11;
				GCC_DYNAMIC_NO_PIC = NO;
				GCC_NO_COMMON_BLOCKS = YES;
				GCC_OPTIMIZATION_LEVEL = 0;
				GCC_PREPROCESSOR_DEFINITIONS = (
					"DEBUG=1",
					"$(inherited)",
				);
				GCC_WARN_64_TO_32_BIT_CONVERSION = YES;
				GCC_WARN_ABOUT_RETURN_TYPE = YES_ERROR;
				GCC_WARN_UNDECLARED_SELECTOR = YES;
				GCC_WARN_UNINITIALIZED_AUTOS = YES_AGGRESSIVE;
				GCC_WARN_UNUSED_FUNCTION = YES;
				GCC_WARN_UNUSED_VARIABLE = YES;
				IPHONEOS_DEPLOYMENT_TARGET = 11.3;
				MTL_ENABLE_DEBUG_INFO = YES;
				ONLY_ACTIVE_ARCH = YES;
				SDKROOT = iphoneos;
				SWIFT_ACTIVE_COMPILATION_CONDITIONS = DEBUG;
				SWIFT_OPTIMIZATION_LEVEL = "-Onone";
			};
			name = Debug;
		};
		F1C987C520A9F705003EA2DD /* Release */ = {
			isa = XCBuildConfiguration;
			buildSettings = {
				ALWAYS_SEARCH_USER_PATHS = NO;
				CLANG_ANALYZER_NONNULL = YES;
				CLANG_ANALYZER_NUMBER_OBJECT_CONVERSION = YES_AGGRESSIVE;
				CLANG_CXX_LANGUAGE_STANDARD = "gnu++14";
				CLANG_CXX_LIBRARY = "libc++";
				CLANG_ENABLE_MODULES = YES;
				CLANG_ENABLE_OBJC_ARC = YES;
				CLANG_ENABLE_OBJC_WEAK = YES;
				CLANG_WARN_BLOCK_CAPTURE_AUTORELEASING = YES;
				CLANG_WARN_BOOL_CONVERSION = YES;
				CLANG_WARN_COMMA = YES;
				CLANG_WARN_CONSTANT_CONVERSION = YES;
				CLANG_WARN_DEPRECATED_OBJC_IMPLEMENTATIONS = YES;
				CLANG_WARN_DIRECT_OBJC_ISA_USAGE = YES_ERROR;
				CLANG_WARN_DOCUMENTATION_COMMENTS = YES;
				CLANG_WARN_EMPTY_BODY = YES;
				CLANG_WARN_ENUM_CONVERSION = YES;
				CLANG_WARN_INFINITE_RECURSION = YES;
				CLANG_WARN_INT_CONVERSION = YES;
				CLANG_WARN_NON_LITERAL_NULL_CONVERSION = YES;
				CLANG_WARN_OBJC_IMPLICIT_RETAIN_SELF = YES;
				CLANG_WARN_OBJC_LITERAL_CONVERSION = YES;
				CLANG_WARN_OBJC_ROOT_CLASS = YES_ERROR;
				CLANG_WARN_RANGE_LOOP_ANALYSIS = YES;
				CLANG_WARN_STRICT_PROTOTYPES = YES;
				CLANG_WARN_SUSPICIOUS_MOVE = YES;
				CLANG_WARN_UNGUARDED_AVAILABILITY = YES_AGGRESSIVE;
				CLANG_WARN_UNREACHABLE_CODE = YES;
				CLANG_WARN__DUPLICATE_METHOD_MATCH = YES;
				CODE_SIGN_IDENTITY = "iPhone Developer";
				COPY_PHASE_STRIP = NO;
				DEBUG_INFORMATION_FORMAT = "dwarf-with-dsym";
				ENABLE_NS_ASSERTIONS = NO;
				ENABLE_STRICT_OBJC_MSGSEND = YES;
				GCC_C_LANGUAGE_STANDARD = gnu11;
				GCC_NO_COMMON_BLOCKS = YES;
				GCC_WARN_64_TO_32_BIT_CONVERSION = YES;
				GCC_WARN_ABOUT_RETURN_TYPE = YES_ERROR;
				GCC_WARN_UNDECLARED_SELECTOR = YES;
				GCC_WARN_UNINITIALIZED_AUTOS = YES_AGGRESSIVE;
				GCC_WARN_UNUSED_FUNCTION = YES;
				GCC_WARN_UNUSED_VARIABLE = YES;
				IPHONEOS_DEPLOYMENT_TARGET = 11.3;
				MTL_ENABLE_DEBUG_INFO = NO;
				SDKROOT = iphoneos;
				SWIFT_COMPILATION_MODE = wholemodule;
				SWIFT_OPTIMIZATION_LEVEL = "-O";
				VALIDATE_PRODUCT = YES;
			};
			name = Release;
		};
		F1C987C720A9F705003EA2DD /* Debug */ = {
			isa = XCBuildConfiguration;
			buildSettings = {
				ASSETCATALOG_COMPILER_APPICON_NAME = AppIcon;
				CODE_SIGN_STYLE = Automatic;
				INFOPLIST_FILE = AnimationInAFlash/Info.plist;
				LD_RUNPATH_SEARCH_PATHS = (
					"$(inherited)",
					"@executable_path/Frameworks",
				);
				PRODUCT_BUNDLE_IDENTIFIER = random.AnimationInAFlash;
				PRODUCT_NAME = "$(TARGET_NAME)";
				SWIFT_VERSION = 4.0;
				TARGETED_DEVICE_FAMILY = "1,2";
			};
			name = Debug;
		};
		F1C987C820A9F705003EA2DD /* Release */ = {
			isa = XCBuildConfiguration;
			buildSettings = {
				ASSETCATALOG_COMPILER_APPICON_NAME = AppIcon;
				CODE_SIGN_STYLE = Automatic;
				INFOPLIST_FILE = AnimationInAFlash/Info.plist;
				LD_RUNPATH_SEARCH_PATHS = (
					"$(inherited)",
					"@executable_path/Frameworks",
				);
				PRODUCT_BUNDLE_IDENTIFIER = random.AnimationInAFlash;
				PRODUCT_NAME = "$(TARGET_NAME)";
				SWIFT_VERSION = 4.0;
				TARGETED_DEVICE_FAMILY = "1,2";
			};
			name = Release;
		};
/* End XCBuildConfiguration section */

/* Begin XCConfigurationList section */
		F1C987AF20A9F702003EA2DD /* Build configuration list for PBXProject "AnimationInAFlash" */ = {
			isa = XCConfigurationList;
			buildConfigurations = (
				F1C987C420A9F705003EA2DD /* Debug */,
				F1C987C520A9F705003EA2DD /* Release */,
			);
			defaultConfigurationIsVisible = 0;
			defaultConfigurationName = Release;
		};
		F1C987C620A9F705003EA2DD /* Build configuration list for PBXNativeTarget "AnimationInAFlash" */ = {
			isa = XCConfigurationList;
			buildConfigurations = (
				F1C987C720A9F705003EA2DD /* Debug */,
				F1C987C820A9F705003EA2DD /* Release */,
			);
			defaultConfigurationIsVisible = 0;
			defaultConfigurationName = Release;
		};
/* End XCConfigurationList section */
	};
	rootObject = F1C987AC20A9F702003EA2DD /* Project object */;
}
